<?xml version="1.0" encoding="utf-8"?>
<Project ToolsVersion="4.0" xmlns:atg="http://atg.xbox.com" xmlns="http://schemas.microsoft.com/developer/msbuild/2003">
  <ItemGroup>
    <Filter Include="Resource Files">
      <UniqueIdentifier>{8e114980-c1a3-4ada-ad7c-83caadf5daeb}</UniqueIdentifier>
      <Extensions>rc;ico;cur;bmp;dlg;rc2;rct;bin;rgs;gif;jpg;jpeg;jpe</Extensions>
    </Filter>
    <Filter Include="DXUT">
      <UniqueIdentifier>{a43c5c25-0e86-4a20-b64a-883785ff74fd}</UniqueIdentifier>
    </Filter>
    <Filter Include="Shaders">
      <UniqueIdentifier>{2c3d4c8c-5d1a-459a-a05a-a4e4b608a44e}</UniqueIdentifier>
      <Extensions>fx;fxh;hlsl</Extensions>
    </Filter>
    <Filter Include="Source">
      <UniqueIdentifier>{a3de27f8-6d72-44b3-8792-267b3c188c8b}</UniqueIdentifier>
    </Filter>
    <Filter Include="Include">
      <UniqueIdentifier>{d12a8465-6c1a-4b68-8eef-74b333245837}</UniqueIdentifier>
    </Filter>
    <Filter Include="imgui">
      <UniqueIdentifier>{fd2a42e9-98d6-4fca-b9f6-540d845ba42d}</UniqueIdentifier>
    </Filter>
    <Filter Include="imgui\include">
      <UniqueIdentifier>{801b1d4b-335a-478a-a511-847f2213f727}</UniqueIdentifier>
    </Filter>
    <Filter Include="imgui\source">
      <UniqueIdentifier>{9cad6776-4152-4c98-98d6-69a14d8c4696}</UniqueIdentifier>
    </Filter>
    <Filter Include="Include\Utilities">
      <UniqueIdentifier>{77bf202c-604a-4f2b-89e5-40861f4f4dc8}</UniqueIdentifier>
    </Filter>
    <Filter Include="Include\ECS">
      <UniqueIdentifier>{36702bc2-2348-420c-ac1d-38382b3c7f0a}</UniqueIdentifier>
    </Filter>
    <Filter Include="Include\Utilities\Matrix">
      <UniqueIdentifier>{e5efd08c-88bf-4887-a7e3-216117640888}</UniqueIdentifier>
    </Filter>
    <Filter Include="Include\Utilities\Memory">
      <UniqueIdentifier>{a992e61c-44d1-4970-8744-56ac1861bb26}</UniqueIdentifier>
    </Filter>
    <Filter Include="Include\Utilities\Structures">
      <UniqueIdentifier>{c0de8243-a89e-4b9e-8795-963ea5508e66}</UniqueIdentifier>
    </Filter>
    <Filter Include="Include\Utilities\Vectors">
      <UniqueIdentifier>{e8b0b712-b9d5-458a-aff1-2c500efcfd59}</UniqueIdentifier>
    </Filter>
    <Filter Include="Source\ECS">
      <UniqueIdentifier>{052af5a6-f465-4385-8ca4-69595ede5988}</UniqueIdentifier>
    </Filter>
  </ItemGroup>
  <ItemGroup>
    <ClInclude Include="Include\Prerequisites.h">
      <Filter>Include</Filter>
    </ClInclude>
    <ClInclude Include="Include\BaseApp.h">
      <Filter>Include</Filter>
    </ClInclude>
    <ClInclude Include="Resource.h">
      <Filter>Resource Files</Filter>
    </ClInclude>
    <ClInclude Include="Include\Window.h" />
    <ClInclude Include="Include\Swapchain.h">
      <Filter>Include</Filter>
    </ClInclude>
    <ClInclude Include="Include\Device.h">
      <Filter>Include</Filter>
    </ClInclude>
    <ClInclude Include="Include\DeviceContext.h">
      <Filter>Include</Filter>
    </ClInclude>
    <ClInclude Include="Include\Texture.h">
      <Filter>Include</Filter>
    </ClInclude>
    <ClInclude Include="Include\stb_image.h">
      <Filter>Include</Filter>
    </ClInclude>
    <ClInclude Include="Include\RenderTargetView.h">
      <Filter>Include</Filter>
    </ClInclude>
    <ClInclude Include="Include\DepthStencilView.h">
      <Filter>Include</Filter>
    </ClInclude>
    <ClInclude Include="Include\Viewport.h">
      <Filter>Include</Filter>
    </ClInclude>
    <ClInclude Include="Include\InputLayout.h">
      <Filter>Include</Filter>
    </ClInclude>
    <ClInclude Include="Include\ShaderProgram.h">
      <Filter>Include</Filter>
    </ClInclude>
    <ClInclude Include="Include\Buffer.h">
      <Filter>Include</Filter>
    </ClInclude>
    <ClInclude Include="Include\MeshComponent.h">
      <Filter>Include</Filter>
    </ClInclude>
    <ClInclude Include="Include\SamplerState.h">
      <Filter>Include</Filter>
    </ClInclude>
    <ClInclude Include="Imgui\imgui-docking-znly-docking\imconfig.h">
      <Filter>imgui\include</Filter>
    </ClInclude>
    <ClInclude Include="Imgui\imgui-docking-znly-docking\imgui.h">
      <Filter>imgui\include</Filter>
    </ClInclude>
    <ClInclude Include="Imgui\imgui-docking-znly-docking\imgui_internal.h">
      <Filter>imgui\include</Filter>
    </ClInclude>
    <ClInclude Include="Imgui\imgui-docking-znly-docking\imstb_rectpack.h">
      <Filter>imgui\include</Filter>
    </ClInclude>
    <ClInclude Include="Imgui\imgui-docking-znly-docking\imstb_textedit.h">
      <Filter>imgui\include</Filter>
    </ClInclude>
    <ClInclude Include="Imgui\imgui-docking-znly-docking\imstb_truetype.h">
      <Filter>imgui\include</Filter>
    </ClInclude>
    <ClInclude Include="Imgui\imgui-docking-znly-docking\backends\imgui_impl_dx11.h">
      <Filter>imgui\source</Filter>
    </ClInclude>
    <ClInclude Include="Imgui\imgui-docking-znly-docking\backends\imgui_impl_win32.h">
      <Filter>imgui\source</Filter>
    </ClInclude>
    <ClInclude Include="Include\UserInterface.h">
      <Filter>Include</Filter>
    </ClInclude>
    <ClInclude Include="Include\Screenshot.h">
      <Filter>Include</Filter>
    </ClInclude>
    <ClInclude Include="Include\ModelLoader.h">
      <Filter>Include</Filter>
    </ClInclude>
    <ClInclude Include="Include\Utilities\Matrix\Matrix2x2.h">
      <Filter>Include\Utilities\Matrix</Filter>
    </ClInclude>
    <ClInclude Include="Include\Utilities\Matrix\Matrix3x3.h">
      <Filter>Include\Utilities\Matrix</Filter>
    </ClInclude>
    <ClInclude Include="Include\Utilities\Matrix\Matrix4x4.h">
      <Filter>Include\Utilities\Matrix</Filter>
    </ClInclude>
    <ClInclude Include="Include\Utilities\Memory\TSharedPointer.h">
      <Filter>Include\Utilities\Memory</Filter>
    </ClInclude>
    <ClInclude Include="Include\Utilities\Memory\TStaticPtr.h">
      <Filter>Include\Utilities\Memory</Filter>
    </ClInclude>
    <ClInclude Include="Include\Utilities\Memory\TUniquePtr.h">
      <Filter>Include\Utilities\Memory</Filter>
    </ClInclude>
    <ClInclude Include="Include\Utilities\Memory\TWeakPointer.h">
      <Filter>Include\Utilities\Memory</Filter>
    </ClInclude>
    <ClInclude Include="Include\Utilities\Vectors\Quaternion.h">
      <Filter>Include\Utilities\Vectors</Filter>
    </ClInclude>
    <ClInclude Include="Include\Utilities\Vectors\Vector2.h">
      <Filter>Include\Utilities\Vectors</Filter>
    </ClInclude>
    <ClInclude Include="Include\Utilities\Vectors\Vector3.h">
      <Filter>Include\Utilities\Vectors</Filter>
    </ClInclude>
    <ClInclude Include="Include\Utilities\Vectors\Vector4.h">
      <Filter>Include\Utilities\Vectors</Filter>
    </ClInclude>
    <ClInclude Include="Include\Utilities\Structures\TArray.h">
      <Filter>Include\Utilities\Structures</Filter>
    </ClInclude>
    <ClInclude Include="Include\Utilities\Structures\TMap.h">
      <Filter>Include\Utilities\Structures</Filter>
    </ClInclude>
    <ClInclude Include="Include\Utilities\Structures\TPair.h">
      <Filter>Include\Utilities\Structures</Filter>
    </ClInclude>
    <ClInclude Include="Include\Utilities\Structures\TSet.h">
      <Filter>Include\Utilities\Structures</Filter>
    </ClInclude>
    <ClInclude Include="Include\ECS\Entity.h">
      <Filter>Include\ECS</Filter>
    </ClInclude>
    <ClInclude Include="Include\ECS\Component.h">
      <Filter>Include\ECS</Filter>
    </ClInclude>
    <ClInclude Include="Include\ECS\Actor.h">
      <Filter>Include\ECS</Filter>
    </ClInclude>
    <ClInclude Include="Include\ECS\Transform.h">
      <Filter>Include\ECS</Filter>
    </ClInclude>
  </ItemGroup>
  <ItemGroup>
    <ClCompile Include="FeedbackEngine.cpp" />
    <ClCompile Include="Source\BaseApp.cpp">
      <Filter>Source</Filter>
    </ClCompile>
    <ClCompile Include="Source\Window.cpp">
      <Filter>Source</Filter>
    </ClCompile>
    <ClCompile Include="Source\Device.cpp">
      <Filter>Source</Filter>
    </ClCompile>
    <ClCompile Include="Source\DeviceContext.cpp">
      <Filter>Source</Filter>
    </ClCompile>
    <ClCompile Include="Source\Texture.cpp">
      <Filter>Source</Filter>
    </ClCompile>
    <ClCompile Include="Source\Swapchain.cpp">
      <Filter>Source</Filter>
    </ClCompile>
    <ClCompile Include="Source\RenderTargetView.cpp">
      <Filter>Source</Filter>
    </ClCompile>
    <ClCompile Include="Source\DepthStencilView.cpp">
      <Filter>Source</Filter>
    </ClCompile>
    <ClCompile Include="Source\Viewport.cpp">
      <Filter>Source</Filter>
    </ClCompile>
    <ClCompile Include="Source\InputLayout.cpp">
      <Filter>Source</Filter>
    </ClCompile>
    <ClCompile Include="Source\ShaderProgram.cpp">
      <Filter>Source</Filter>
    </ClCompile>
    <ClCompile Include="Source\Buffer.cpp">
      <Filter>Source</Filter>
    </ClCompile>
    <ClCompile Include="Source\SamplerState.cpp">
      <Filter>Source</Filter>
    </ClCompile>
    <ClCompile Include="Imgui\imgui-docking-znly-docking\imgui.cpp">
      <Filter>imgui\source</Filter>
    </ClCompile>
    <ClCompile Include="Imgui\imgui-docking-znly-docking\imgui_demo.cpp">
      <Filter>imgui\source</Filter>
    </ClCompile>
    <ClCompile Include="Imgui\imgui-docking-znly-docking\imgui_draw.cpp">
      <Filter>imgui\source</Filter>
    </ClCompile>
    <ClCompile Include="Imgui\imgui-docking-znly-docking\imgui_tables.cpp">
      <Filter>imgui\source</Filter>
    </ClCompile>
    <ClCompile Include="Imgui\imgui-docking-znly-docking\imgui_widgets.cpp">
      <Filter>imgui\source</Filter>
    </ClCompile>
    <ClCompile Include="Imgui\imgui-docking-znly-docking\backends\imgui_impl_dx11.cpp">
      <Filter>imgui\source</Filter>
    </ClCompile>
    <ClCompile Include="Imgui\imgui-docking-znly-docking\backends\imgui_impl_win32.cpp">
      <Filter>imgui\source</Filter>
    </ClCompile>
    <ClCompile Include="Source\UserInterface.cpp">
      <Filter>Source</Filter>
    </ClCompile>
    <ClCompile Include="Source\Screenshot.cpp">
      <Filter>Source</Filter>
    </ClCompile>
    <ClCompile Include="Source\ModelLoader.cpp">
      <Filter>Source</Filter>
    </ClCompile>
    <ClCompile Include="Source\ECS\Actor.cpp">
      <Filter>Source\ECS</Filter>
    </ClCompile>
    <ClCompile Include="Source\ECS\Transform.cpp">
      <Filter>Source\ECS</Filter>
    </ClCompile>
  </ItemGroup>
  <ItemGroup>
    <None Include="FeedbackEngine.fx">
      <Filter>Shaders</Filter>
    </None>
  </ItemGroup>
  <ItemGroup>
    <ResourceCompile Include="FeedbackEngine.rc">
      <Filter>Resource Files</Filter>
    </ResourceCompile>
  </ItemGroup>
  <ItemGroup>
  </ItemGroup>
</Project>